
Microsoft Visual Studio Solution File, Format Version 12.00
# Visual Studio Version 16
VisualStudioVersion = 16.0.31321.278
MinimumVisualStudioVersion = 10.0.40219.1
Project("{FAE04EC0-301F-11D3-BF4B-00C04F79EFBC}") = "Asp .NetBD02", "Asp .NetBD02\Asp .NetBD02.csproj", "{78ABA430-8820-4C66-B17C-4707631ADA3F}"
EndProject
Global
	GlobalSection(SolutionConfigurationPlatforms) = preSolution
		Debug|Any CPU = Debug|Any CPU
		Release|Any CPU = Release|Any CPU
	EndGlobalSection
	GlobalSection(ProjectConfigurationPlatforms) = postSolution
		{78ABA430-8820-4C66-B17C-4707631ADA3F}.Debug|Any CPU.ActiveCfg = Debug|Any CPU
		{78ABA430-8820-4C66-B17C-4707631ADA3F}.Debug|Any CPU.Build.0 = Debug|Any CPU
		{78ABA430-8820-4C66-B17C-4707631ADA3F}.Release|Any CPU.ActiveCfg = Release|Any CPU
		{78ABA430-8820-4C66-B17C-4707631ADA3F}.Release|Any CPU.Build.0 = Release|Any CPU
	EndGlobalSection
	GlobalSection(SolutionProperties) = preSolution
		HideSolutionNode = FALSE
	EndGlobalSection
	GlobalSection(ExtensibilityGlobals) = postSolution
		SolutionGuid = {7A848709-BB34-4A0F-8276-1B0F9A69B81B}
	EndGlobalSection
EndGlobal
